{
  "name": "verify-aws-sns-signature",
  "version": "0.1.0",
  "lockfileVersion": 2,
  "requires": true,
  "packages": {
    "": {
      "name": "verify-aws-sns-signature",
      "version": "0.1.0",
      "license": "MIT",
      "dependencies": {
        "bent": "^7.3.12",
        "parse-url": "^8.1.0"
      }
    },
    "node_modules/bent": {
      "version": "7.3.12",
      "resolved": "https://registry.npmjs.org/bent/-/bent-7.3.12.tgz",
      "integrity": "sha512-T3yrKnVGB63zRuoco/7Ybl7BwwGZR0lceoVG5XmQyMIH9s19SV5m+a8qam4if0zQuAmOQTyPTPmsQBdAorGK3w==",
      "dependencies": {
        "bytesish": "^0.4.1",
        "caseless": "~0.12.0",
        "is-stream": "^2.0.0"
      }
    },
    "node_modules/bytesish": {
      "version": "0.4.1",
      "resolved": "https://registry.npmjs.org/bytesish/-/bytesish-0.4.1.tgz",
      "integrity": "sha512-j3l5QmnAbpOfcN/Z2Jcv4poQYfefs8rDdcbc6iEKm+OolvUXAE2APodpWj+DOzqX6Bl5Ys1cQkcIV2/doGvQxg=="
    },
    "node_modules/caseless": {
      "version": "0.12.0",
      "resolved": "https://registry.npmjs.org/caseless/-/caseless-0.12.0.tgz",
      "integrity": "sha1-G2gcIf+EAzyCZUMJBolCDRhxUdw="
    },
    "node_modules/is-stream": {
      "version": "2.0.0",
      "resolved": "https://registry.npmjs.org/is-stream/-/is-stream-2.0.0.tgz",
      "integrity": "sha512-XCoy+WlUr7d1+Z8GgSuXmpuUFC9fOhRXglJMx+dwLKTkL44Cjd4W1Z5P+BQZpr+cR93aGP4S/s7Ftw6Nd/kiEw==",
      "engines": {
        "node": ">=8"
      }
    },
    "node_modules/parse-path": {
      "version": "7.0.0",
      "resolved": "https://registry.npmjs.org/parse-path/-/parse-path-7.0.0.tgz",
      "integrity": "sha512-Euf9GG8WT9CdqwuWJGdf3RkUcTBArppHABkO7Lm8IzRQp0e2r/kkFnmhu4TSK30Wcu5rVAZLmfPKSBBi9tWFog==",
      "dependencies": {
        "protocols": "^2.0.0"
      }
    },
    "node_modules/parse-url": {
      "version": "8.1.0",
      "resolved": "https://registry.npmjs.org/parse-url/-/parse-url-8.1.0.tgz",
      "integrity": "sha512-xDvOoLU5XRrcOZvnI6b8zA6n9O9ejNk/GExuz1yBuWUGn9KA97GI6HTs6u02wKara1CeVmZhH+0TZFdWScR89w==",
      "dependencies": {
        "parse-path": "^7.0.0"
      }
    },
    "node_modules/protocols": {
      "version": "2.0.1",
      "resolved": "https://registry.npmjs.org/protocols/-/protocols-2.0.1.tgz",
      "integrity": "sha512-/XJ368cyBJ7fzLMwLKv1e4vLxOju2MNAIokcr7meSaNcVbWz/CPcW22cP04mwxOErdA5mwjA8Q6w/cdAQxVn7Q=="
    }
  },
  "dependencies": {
    "bent": {
      "version": "7.3.12",
      "resolved": "https://registry.npmjs.org/bent/-/bent-7.3.12.tgz",
      "integrity": "sha512-T3yrKnVGB63zRuoco/7Ybl7BwwGZR0lceoVG5XmQyMIH9s19SV5m+a8qam4if0zQuAmOQTyPTPmsQBdAorGK3w==",
      "requires": {
        "bytesish": "^0.4.1",
        "caseless": "~0.12.0",
        "is-stream": "^2.0.0"
      }
    },
    "bytesish": {
      "version": "0.4.1",
      "resolved": "https://registry.npmjs.org/bytesish/-/bytesish-0.4.1.tgz",
      "integrity": "sha512-j3l5QmnAbpOfcN/Z2Jcv4poQYfefs8rDdcbc6iEKm+OolvUXAE2APodpWj+DOzqX6Bl5Ys1cQkcIV2/doGvQxg=="
    },
    "caseless": {
      "version": "0.12.0",
      "resolved": "https://registry.npmjs.org/caseless/-/caseless-0.12.0.tgz",
      "integrity": "sha1-G2gcIf+EAzyCZUMJBolCDRhxUdw="
    },
    "is-stream": {
      "version": "2.0.0",
      "resolved": "https://registry.npmjs.org/is-stream/-/is-stream-2.0.0.tgz",
      "integrity": "sha512-XCoy+WlUr7d1+Z8GgSuXmpuUFC9fOhRXglJMx+dwLKTkL44Cjd4W1Z5P+BQZpr+cR93aGP4S/s7Ftw6Nd/kiEw=="
    },
    "parse-path": {
      "version": "7.0.0",
      "resolved": "https://registry.npmjs.org/parse-path/-/parse-path-7.0.0.tgz",
      "integrity": "sha512-Euf9GG8WT9CdqwuWJGdf3RkUcTBArppHABkO7Lm8IzRQp0e2r/kkFnmhu4TSK30Wcu5rVAZLmfPKSBBi9tWFog==",
      "requires": {
        "protocols": "^2.0.0"
      }
    },
    "parse-url": {
      "version": "8.1.0",
      "resolved": "https://registry.npmjs.org/parse-url/-/parse-url-8.1.0.tgz",
      "integrity": "sha512-xDvOoLU5XRrcOZvnI6b8zA6n9O9ejNk/GExuz1yBuWUGn9KA97GI6HTs6u02wKara1CeVmZhH+0TZFdWScR89w==",
      "requires": {
        "parse-path": "^7.0.0"
      }
    },
    "protocols": {
      "version": "2.0.1",
      "resolved": "https://registry.npmjs.org/protocols/-/protocols-2.0.1.tgz",
      "integrity": "sha512-/XJ368cyBJ7fzLMwLKv1e4vLxOju2MNAIokcr7meSaNcVbWz/CPcW22cP04mwxOErdA5mwjA8Q6w/cdAQxVn7Q=="
    }
  }
}
